
Microsoft Visual Studio Solution File, Format Version 12.00
# Visual Studio Version 16
VisualStudioVersion = 16.0.30204.135
MinimumVisualStudioVersion = 10.0.40219.1
Project("{FAE04EC0-301F-11D3-BF4B-00C04F79EFBC}") = "Hello", "Hello\Hello.csproj", "{EF0C4784-FFBA-493E-ACFF-4F448A38C076}"
EndProject
Global
	GlobalSection(SolutionConfigurationPlatforms) = preSolution
		Debug|Any CPU = Debug|Any CPU
		Release|Any CPU = Release|Any CPU
	EndGlobalSection
	GlobalSection(ProjectConfigurationPlatforms) = postSolution
		{EF0C4784-FFBA-493E-ACFF-4F448A38C076}.Debug|Any CPU.ActiveCfg = Debug|Any CPU
		{EF0C4784-FFBA-493E-ACFF-4F448A38C076}.Debug|Any CPU.Build.0 = Debug|Any CPU
		{EF0C4784-FFBA-493E-ACFF-4F448A38C076}.Release|Any CPU.ActiveCfg = Release|Any CPU
		{EF0C4784-FFBA-493E-ACFF-4F448A38C076}.Release|Any CPU.Build.0 = Release|Any CPU
	EndGlobalSection
	GlobalSection(SolutionProperties) = preSolution
		HideSolutionNode = FALSE
	EndGlobalSection
	GlobalSection(ExtensibilityGlobals) = postSolution
		SolutionGuid = {A28496F3-A7B1-4297-BD73-C4D38B9E605D}
	EndGlobalSection
EndGlobal
